
Microsoft Visual Studio Solution File, Format Version 12.00
# Visual Studio Version 16
VisualStudioVersion = 25.0.1706.7
MinimumVisualStudioVersion = 10.0.40219.1
Project("{FAE04EC0-301F-11D3-BF4B-00C04F79EFBC}") = "estrurasIfElse", "estrurasIfElse.csproj", "{BB733A91-4694-4BB5-82CB-97FC1B13E5FC}"
EndProject
Project("{FAE04EC0-301F-11D3-BF4B-00C04F79EFBC}") = "vetoresAula", "..\vetoresAula\vetoresAula.csproj", "{8BDE295E-36B6-4EFF-8E16-B8AAA857BE5C}"
EndProject
Project("{FAE04EC0-301F-11D3-BF4B-00C04F79EFBC}") = "matrizesAula", "..\matrizesAula\matrizesAula.csproj", "{0FED4B31-FE8D-4955-B9EF-17149237D9F9}"
EndProject
Project("{FAE04EC0-301F-11D3-BF4B-00C04F79EFBC}") = "retangulo", "..\retangulo\retangulo.csproj", "{07E073E0-735D-484F-A896-A948192B2A92}"
EndProject
Project("{FAE04EC0-301F-11D3-BF4B-00C04F79EFBC}") = "idades", "..\idades\idades.csproj", "{8B30CEBF-184D-4042-9A8F-82B80FE6502B}"
EndProject
Project("{FAE04EC0-301F-11D3-BF4B-00C04F79EFBC}") = "menor_de_tres", "..\menor_de_tres\menor_de_tres.csproj", "{1C85BD2D-3BA5-4112-85D1-C8D8CC231BC2}"
EndProject
Project("{FAE04EC0-301F-11D3-BF4B-00C04F79EFBC}") = "crescente", "..\crescente\crescente.csproj", "{C8FF3739-FEBF-4461-AB6F-B88D78853CD5}"
EndProject
Project("{FAE04EC0-301F-11D3-BF4B-00C04F79EFBC}") = "soma_impares", "..\soma_impares\soma_impares.csproj", "{DFC854DF-B5B2-4B3B-88CE-B15EC1F00611}"
EndProject
Project("{FAE04EC0-301F-11D3-BF4B-00C04F79EFBC}") = "soma_vetores", "..\soma_vetores\soma_vetores.csproj", "{48C7178A-048D-4738-817B-58D37DA40091}"
EndProject
Project("{FAE04EC0-301F-11D3-BF4B-00C04F79EFBC}") = "diagonal_negativos", "..\diagonal_negativos\diagonal_negativos.csproj", "{3391AB1D-F44D-4A87-832A-8162643097FC}"
EndProject
Project("{FAE04EC0-301F-11D3-BF4B-00C04F79EFBC}") = "notas", "..\notas\notas.csproj", "{9BDDE00A-8B48-4E21-9642-170AFAFC7DF8}"
EndProject
Project("{FAE04EC0-301F-11D3-BF4B-00C04F79EFBC}") = "bhaskara", "..\bhaskara\bhaskara.csproj", "{FE9D6AC9-5665-44D5-9510-051C6874AF99}"
EndProject
Project("{FAE04EC0-301F-11D3-BF4B-00C04F79EFBC}") = "operadora", "..\operadora\operadora.csproj", "{661BA7FA-7002-435B-92C8-12755ACE68A5}"
EndProject
Project("{FAE04EC0-301F-11D3-BF4B-00C04F79EFBC}") = "troco_verificado", "..\troco_verificado\troco_verificado.csproj", "{1BED1C05-340E-48FA-9192-F4976DF13862}"
EndProject
Global
	GlobalSection(SolutionConfigurationPlatforms) = preSolution
		Debug|Any CPU = Debug|Any CPU
		Release|Any CPU = Release|Any CPU
	EndGlobalSection
	GlobalSection(ProjectConfigurationPlatforms) = postSolution
		{BB733A91-4694-4BB5-82CB-97FC1B13E5FC}.Debug|Any CPU.ActiveCfg = Debug|Any CPU
		{BB733A91-4694-4BB5-82CB-97FC1B13E5FC}.Debug|Any CPU.Build.0 = Debug|Any CPU
		{BB733A91-4694-4BB5-82CB-97FC1B13E5FC}.Release|Any CPU.ActiveCfg = Release|Any CPU
		{BB733A91-4694-4BB5-82CB-97FC1B13E5FC}.Release|Any CPU.Build.0 = Release|Any CPU
		{8BDE295E-36B6-4EFF-8E16-B8AAA857BE5C}.Debug|Any CPU.ActiveCfg = Debug|Any CPU
		{8BDE295E-36B6-4EFF-8E16-B8AAA857BE5C}.Debug|Any CPU.Build.0 = Debug|Any CPU
		{8BDE295E-36B6-4EFF-8E16-B8AAA857BE5C}.Release|Any CPU.ActiveCfg = Release|Any CPU
		{8BDE295E-36B6-4EFF-8E16-B8AAA857BE5C}.Release|Any CPU.Build.0 = Release|Any CPU
		{0FED4B31-FE8D-4955-B9EF-17149237D9F9}.Debug|Any CPU.ActiveCfg = Debug|Any CPU
		{0FED4B31-FE8D-4955-B9EF-17149237D9F9}.Debug|Any CPU.Build.0 = Debug|Any CPU
		{0FED4B31-FE8D-4955-B9EF-17149237D9F9}.Release|Any CPU.ActiveCfg = Release|Any CPU
		{0FED4B31-FE8D-4955-B9EF-17149237D9F9}.Release|Any CPU.Build.0 = Release|Any CPU
		{07E073E0-735D-484F-A896-A948192B2A92}.Debug|Any CPU.ActiveCfg = Debug|Any CPU
		{07E073E0-735D-484F-A896-A948192B2A92}.Debug|Any CPU.Build.0 = Debug|Any CPU
		{07E073E0-735D-484F-A896-A948192B2A92}.Release|Any CPU.ActiveCfg = Release|Any CPU
		{07E073E0-735D-484F-A896-A948192B2A92}.Release|Any CPU.Build.0 = Release|Any CPU
		{8B30CEBF-184D-4042-9A8F-82B80FE6502B}.Debug|Any CPU.ActiveCfg = Debug|Any CPU
		{8B30CEBF-184D-4042-9A8F-82B80FE6502B}.Debug|Any CPU.Build.0 = Debug|Any CPU
		{8B30CEBF-184D-4042-9A8F-82B80FE6502B}.Release|Any CPU.ActiveCfg = Release|Any CPU
		{8B30CEBF-184D-4042-9A8F-82B80FE6502B}.Release|Any CPU.Build.0 = Release|Any CPU
		{1C85BD2D-3BA5-4112-85D1-C8D8CC231BC2}.Debug|Any CPU.ActiveCfg = Debug|Any CPU
		{1C85BD2D-3BA5-4112-85D1-C8D8CC231BC2}.Debug|Any CPU.Build.0 = Debug|Any CPU
		{1C85BD2D-3BA5-4112-85D1-C8D8CC231BC2}.Release|Any CPU.ActiveCfg = Release|Any CPU
		{1C85BD2D-3BA5-4112-85D1-C8D8CC231BC2}.Release|Any CPU.Build.0 = Release|Any CPU
		{C8FF3739-FEBF-4461-AB6F-B88D78853CD5}.Debug|Any CPU.ActiveCfg = Debug|Any CPU
		{C8FF3739-FEBF-4461-AB6F-B88D78853CD5}.Debug|Any CPU.Build.0 = Debug|Any CPU
		{C8FF3739-FEBF-4461-AB6F-B88D78853CD5}.Release|Any CPU.ActiveCfg = Release|Any CPU
		{C8FF3739-FEBF-4461-AB6F-B88D78853CD5}.Release|Any CPU.Build.0 = Release|Any CPU
		{DFC854DF-B5B2-4B3B-88CE-B15EC1F00611}.Debug|Any CPU.ActiveCfg = Debug|Any CPU
		{DFC854DF-B5B2-4B3B-88CE-B15EC1F00611}.Debug|Any CPU.Build.0 = Debug|Any CPU
		{DFC854DF-B5B2-4B3B-88CE-B15EC1F00611}.Release|Any CPU.ActiveCfg = Release|Any CPU
		{DFC854DF-B5B2-4B3B-88CE-B15EC1F00611}.Release|Any CPU.Build.0 = Release|Any CPU
		{48C7178A-048D-4738-817B-58D37DA40091}.Debug|Any CPU.ActiveCfg = Debug|Any CPU
		{48C7178A-048D-4738-817B-58D37DA40091}.Debug|Any CPU.Build.0 = Debug|Any CPU
		{48C7178A-048D-4738-817B-58D37DA40091}.Release|Any CPU.ActiveCfg = Release|Any CPU
		{48C7178A-048D-4738-817B-58D37DA40091}.Release|Any CPU.Build.0 = Release|Any CPU
		{3391AB1D-F44D-4A87-832A-8162643097FC}.Debug|Any CPU.ActiveCfg = Debug|Any CPU
		{3391AB1D-F44D-4A87-832A-8162643097FC}.Debug|Any CPU.Build.0 = Debug|Any CPU
		{3391AB1D-F44D-4A87-832A-8162643097FC}.Release|Any CPU.ActiveCfg = Release|Any CPU
		{3391AB1D-F44D-4A87-832A-8162643097FC}.Release|Any CPU.Build.0 = Release|Any CPU
		{9BDDE00A-8B48-4E21-9642-170AFAFC7DF8}.Debug|Any CPU.ActiveCfg = Debug|Any CPU
		{9BDDE00A-8B48-4E21-9642-170AFAFC7DF8}.Debug|Any CPU.Build.0 = Debug|Any CPU
		{9BDDE00A-8B48-4E21-9642-170AFAFC7DF8}.Release|Any CPU.ActiveCfg = Release|Any CPU
		{9BDDE00A-8B48-4E21-9642-170AFAFC7DF8}.Release|Any CPU.Build.0 = Release|Any CPU
		{FE9D6AC9-5665-44D5-9510-051C6874AF99}.Debug|Any CPU.ActiveCfg = Debug|Any CPU
		{FE9D6AC9-5665-44D5-9510-051C6874AF99}.Debug|Any CPU.Build.0 = Debug|Any CPU
		{FE9D6AC9-5665-44D5-9510-051C6874AF99}.Release|Any CPU.ActiveCfg = Release|Any CPU
		{FE9D6AC9-5665-44D5-9510-051C6874AF99}.Release|Any CPU.Build.0 = Release|Any CPU
		{661BA7FA-7002-435B-92C8-12755ACE68A5}.Debug|Any CPU.ActiveCfg = Debug|Any CPU
		{661BA7FA-7002-435B-92C8-12755ACE68A5}.Debug|Any CPU.Build.0 = Debug|Any CPU
		{661BA7FA-7002-435B-92C8-12755ACE68A5}.Release|Any CPU.ActiveCfg = Release|Any CPU
		{661BA7FA-7002-435B-92C8-12755ACE68A5}.Release|Any CPU.Build.0 = Release|Any CPU
		{1BED1C05-340E-48FA-9192-F4976DF13862}.Debug|Any CPU.ActiveCfg = Debug|Any CPU
		{1BED1C05-340E-48FA-9192-F4976DF13862}.Debug|Any CPU.Build.0 = Debug|Any CPU
		{1BED1C05-340E-48FA-9192-F4976DF13862}.Release|Any CPU.ActiveCfg = Release|Any CPU
		{1BED1C05-340E-48FA-9192-F4976DF13862}.Release|Any CPU.Build.0 = Release|Any CPU
	EndGlobalSection
	GlobalSection(SolutionProperties) = preSolution
		HideSolutionNode = FALSE
	EndGlobalSection
	GlobalSection(ExtensibilityGlobals) = postSolution
		SolutionGuid = {C1C2382A-5640-45B0-B467-0EA429654D73}
	EndGlobalSection
EndGlobal
